
Microsoft Visual Studio Solution File, Format Version 12.00
# Visual Studio 15
VisualStudioVersion = 15.0.26228.4
MinimumVisualStudioVersion = 10.0.40219.1
Project("{FAE04EC0-301F-11D3-BF4B-00C04F79EFBC}") = "AlumniMis.Web", "AlumniMis.Web\AlumniMis.Web.csproj", "{5AF34FED-CA0E-4035-B36A-733D18A868FE}"
EndProject
Project("{FAE04EC0-301F-11D3-BF4B-00C04F79EFBC}") = "AlumniMis.Common", "AlumniMis.Common\AlumniMis.Common.csproj", "{0EDD8367-C03A-4D55-934B-CA94531AF92F}"
EndProject
Project("{FAE04EC0-301F-11D3-BF4B-00C04F79EFBC}") = "AlumniMis.Data", "AlumniMis.Data\AlumniMis.Data.csproj", "{F9924C86-87DF-49D6-96EA-CAAE1C8B7998}"
EndProject
Project("{FAE04EC0-301F-11D3-BF4B-00C04F79EFBC}") = "AlumniMis.Services", "AlumniMis.Services\AlumniMis.Services.csproj", "{39FC5944-57BE-45AA-BFDB-21557308D8F4}"
EndProject
Project("{FAE04EC0-301F-11D3-BF4B-00C04F79EFBC}") = "AlumniMis.Test", "AlumniMis.Test\AlumniMis.Test.csproj", "{96F119E7-6261-4457-91C2-1CA5814C1819}"
EndProject
Global
	GlobalSection(SolutionConfigurationPlatforms) = preSolution
		Debug|Any CPU = Debug|Any CPU
		Release|Any CPU = Release|Any CPU
	EndGlobalSection
	GlobalSection(ProjectConfigurationPlatforms) = postSolution
		{5AF34FED-CA0E-4035-B36A-733D18A868FE}.Debug|Any CPU.ActiveCfg = Debug|Any CPU
		{5AF34FED-CA0E-4035-B36A-733D18A868FE}.Debug|Any CPU.Build.0 = Debug|Any CPU
		{5AF34FED-CA0E-4035-B36A-733D18A868FE}.Release|Any CPU.ActiveCfg = Release|Any CPU
		{5AF34FED-CA0E-4035-B36A-733D18A868FE}.Release|Any CPU.Build.0 = Release|Any CPU
		{0EDD8367-C03A-4D55-934B-CA94531AF92F}.Debug|Any CPU.ActiveCfg = Debug|Any CPU
		{0EDD8367-C03A-4D55-934B-CA94531AF92F}.Debug|Any CPU.Build.0 = Debug|Any CPU
		{0EDD8367-C03A-4D55-934B-CA94531AF92F}.Release|Any CPU.ActiveCfg = Release|Any CPU
		{0EDD8367-C03A-4D55-934B-CA94531AF92F}.Release|Any CPU.Build.0 = Release|Any CPU
		{F9924C86-87DF-49D6-96EA-CAAE1C8B7998}.Debug|Any CPU.ActiveCfg = Debug|Any CPU
		{F9924C86-87DF-49D6-96EA-CAAE1C8B7998}.Debug|Any CPU.Build.0 = Debug|Any CPU
		{F9924C86-87DF-49D6-96EA-CAAE1C8B7998}.Release|Any CPU.ActiveCfg = Release|Any CPU
		{F9924C86-87DF-49D6-96EA-CAAE1C8B7998}.Release|Any CPU.Build.0 = Release|Any CPU
		{39FC5944-57BE-45AA-BFDB-21557308D8F4}.Debug|Any CPU.ActiveCfg = Debug|Any CPU
		{39FC5944-57BE-45AA-BFDB-21557308D8F4}.Debug|Any CPU.Build.0 = Debug|Any CPU
		{39FC5944-57BE-45AA-BFDB-21557308D8F4}.Release|Any CPU.ActiveCfg = Release|Any CPU
		{39FC5944-57BE-45AA-BFDB-21557308D8F4}.Release|Any CPU.Build.0 = Release|Any CPU
		{96F119E7-6261-4457-91C2-1CA5814C1819}.Debug|Any CPU.ActiveCfg = Debug|Any CPU
		{96F119E7-6261-4457-91C2-1CA5814C1819}.Debug|Any CPU.Build.0 = Debug|Any CPU
		{96F119E7-6261-4457-91C2-1CA5814C1819}.Release|Any CPU.ActiveCfg = Release|Any CPU
		{96F119E7-6261-4457-91C2-1CA5814C1819}.Release|Any CPU.Build.0 = Release|Any CPU
	EndGlobalSection
	GlobalSection(SolutionProperties) = preSolution
		HideSolutionNode = FALSE
	EndGlobalSection
EndGlobal
